
Microsoft Visual Studio Solution File, Format Version 9.00
# Visual Studio 2005
Project("{E24C65DC-7377-472B-9ABA-BC803B73C61A}") = "C:\...\Site\", "..\Site", "{E35ACFA9-09AB-4E97-A6EA-1B2D662B3B6D}"
	ProjectSection(WebsiteProperties) = preProject
		ProjectReferences = "{4E1F65D7-AE72-4E13-964B-D022CC205439}|Puzzle.FastTrack.WebForms.Framework.dll;{E6C03D2A-D150-4473-9439-D300746A1390}|Puzzle.NPersist.Framework.NET2.dll;"
		Debug.AspNetCompiler.VirtualPath = "/FastTrack"
		Debug.AspNetCompiler.PhysicalPath = "..\FastTrack\"
		Debug.AspNetCompiler.TargetPath = "PrecompiledWeb\FastTrack\"
		Debug.AspNetCompiler.Updateable = "true"
		Debug.AspNetCompiler.ForceOverwrite = "true"
		Debug.AspNetCompiler.FixedNames = "false"
		Debug.AspNetCompiler.Debug = "True"
		Release.AspNetCompiler.VirtualPath = "/FastTrack"
		Release.AspNetCompiler.PhysicalPath = "..\FastTrack\"
		Release.AspNetCompiler.TargetPath = "PrecompiledWeb\FastTrack\"
		Release.AspNetCompiler.Updateable = "true"
		Release.AspNetCompiler.ForceOverwrite = "true"
		Release.AspNetCompiler.FixedNames = "false"
		Release.AspNetCompiler.Debug = "False"
		VWDPort = "64218"
	EndProjectSection
EndProject
Project("{FAE04EC0-301F-11D3-BF4B-00C04F79EFBC}") = "Puzzle.NPath.Framework.NET 2.0", "..\..\NPath\Framework\Puzzle.NPath.Framework.NET 2.0.csproj", "{7F415FBF-21FA-4E00-82DE-AAD8CEECC84B}"
EndProject
Project("{FAE04EC0-301F-11D3-BF4B-00C04F79EFBC}") = "Puzzle.NAspect.Framework.NET 2.0", "..\..\NAspect\Framework\Puzzle.NAspect.Framework.NET 2.0.csproj", "{D08F9A33-6D4E-43E9-86F2-8E79EC115B9E}"
EndProject
Project("{FAE04EC0-301F-11D3-BF4B-00C04F79EFBC}") = "Puzzle.NCore.Framework NET 2.0", "..\..\NCore\Framework\Puzzle.NCore.Framework NET 2.0.csproj", "{5FB1569E-253E-42A7-A4E8-B4651FC6DCA2}"
EndProject
Project("{FAE04EC0-301F-11D3-BF4B-00C04F79EFBC}") = "Puzzle.NPersist.Framework.NET 2.0", "..\..\NPersist\Framework\Puzzle.NPersist.Framework.NET 2.0.csproj", "{E6C03D2A-D150-4473-9439-D300746A1390}"
EndProject
Project("{2150E333-8FDC-42A3-9474-1A3956D46DE8}") = "Frameworks", "Frameworks", "{B0ABB1B3-ED43-409F-B3B2-4AAA7EBC6C59}"
EndProject
Project("{FAE04EC0-301F-11D3-BF4B-00C04F79EFBC}") = "Puzzle.FastTrack.WebForms.Framework", "..\Puzzle.FastTrack.WebForms.Framework\Puzzle.FastTrack.WebForms.Framework.csproj", "{4E1F65D7-AE72-4E13-964B-D022CC205439}"
EndProject
Project("{FAE04EC0-301F-11D3-BF4B-00C04F79EFBC}") = "Puzzle.NPersist.Samples.Northwind.Domain", "..\Northwind\Puzzle.NPersist.Samples.Northwind.Domain.csproj", "{D1836646-6373-4785-B1B1-AC5C6A4BF50F}"
EndProject
Global
	GlobalSection(SolutionConfigurationPlatforms) = preSolution
		Debug|.NET = Debug|.NET
		Debug|Any CPU = Debug|Any CPU
		Debug|Mixed Platforms = Debug|Mixed Platforms
		NPDebug|.NET = NPDebug|.NET
		NPDebug|Any CPU = NPDebug|Any CPU
		NPDebug|Mixed Platforms = NPDebug|Mixed Platforms
		Release|.NET = Release|.NET
		Release|Any CPU = Release|Any CPU
		Release|Mixed Platforms = Release|Mixed Platforms
	EndGlobalSection
	GlobalSection(ProjectConfigurationPlatforms) = postSolution
		{E35ACFA9-09AB-4E97-A6EA-1B2D662B3B6D}.Debug|.NET.ActiveCfg = Debug|.NET
		{E35ACFA9-09AB-4E97-A6EA-1B2D662B3B6D}.Debug|.NET.Build.0 = Debug|.NET
		{E35ACFA9-09AB-4E97-A6EA-1B2D662B3B6D}.Debug|Any CPU.ActiveCfg = Debug|.NET
		{E35ACFA9-09AB-4E97-A6EA-1B2D662B3B6D}.Debug|Mixed Platforms.ActiveCfg = Debug|.NET
		{E35ACFA9-09AB-4E97-A6EA-1B2D662B3B6D}.Debug|Mixed Platforms.Build.0 = Debug|.NET
		{E35ACFA9-09AB-4E97-A6EA-1B2D662B3B6D}.NPDebug|.NET.ActiveCfg = Debug|.NET
		{E35ACFA9-09AB-4E97-A6EA-1B2D662B3B6D}.NPDebug|.NET.Build.0 = Debug|.NET
		{E35ACFA9-09AB-4E97-A6EA-1B2D662B3B6D}.NPDebug|Any CPU.ActiveCfg = Debug|.NET
		{E35ACFA9-09AB-4E97-A6EA-1B2D662B3B6D}.NPDebug|Mixed Platforms.ActiveCfg = Debug|.NET
		{E35ACFA9-09AB-4E97-A6EA-1B2D662B3B6D}.NPDebug|Mixed Platforms.Build.0 = Debug|.NET
		{E35ACFA9-09AB-4E97-A6EA-1B2D662B3B6D}.Release|.NET.ActiveCfg = Debug|.NET
		{E35ACFA9-09AB-4E97-A6EA-1B2D662B3B6D}.Release|.NET.Build.0 = Debug|.NET
		{E35ACFA9-09AB-4E97-A6EA-1B2D662B3B6D}.Release|Any CPU.ActiveCfg = Debug|.NET
		{E35ACFA9-09AB-4E97-A6EA-1B2D662B3B6D}.Release|Mixed Platforms.ActiveCfg = Debug|.NET
		{E35ACFA9-09AB-4E97-A6EA-1B2D662B3B6D}.Release|Mixed Platforms.Build.0 = Debug|.NET
		{7F415FBF-21FA-4E00-82DE-AAD8CEECC84B}.Debug|.NET.ActiveCfg = Debug|Any CPU
		{7F415FBF-21FA-4E00-82DE-AAD8CEECC84B}.Debug|Any CPU.ActiveCfg = Debug|Any CPU
		{7F415FBF-21FA-4E00-82DE-AAD8CEECC84B}.Debug|Any CPU.Build.0 = Debug|Any CPU
		{7F415FBF-21FA-4E00-82DE-AAD8CEECC84B}.Debug|Mixed Platforms.ActiveCfg = Debug|Any CPU
		{7F415FBF-21FA-4E00-82DE-AAD8CEECC84B}.Debug|Mixed Platforms.Build.0 = Debug|Any CPU
		{7F415FBF-21FA-4E00-82DE-AAD8CEECC84B}.NPDebug|.NET.ActiveCfg = Debug|Any CPU
		{7F415FBF-21FA-4E00-82DE-AAD8CEECC84B}.NPDebug|Any CPU.ActiveCfg = Debug|Any CPU
		{7F415FBF-21FA-4E00-82DE-AAD8CEECC84B}.NPDebug|Any CPU.Build.0 = Debug|Any CPU
		{7F415FBF-21FA-4E00-82DE-AAD8CEECC84B}.NPDebug|Mixed Platforms.ActiveCfg = Debug|Any CPU
		{7F415FBF-21FA-4E00-82DE-AAD8CEECC84B}.NPDebug|Mixed Platforms.Build.0 = Debug|Any CPU
		{7F415FBF-21FA-4E00-82DE-AAD8CEECC84B}.Release|.NET.ActiveCfg = Release|Any CPU
		{7F415FBF-21FA-4E00-82DE-AAD8CEECC84B}.Release|Any CPU.ActiveCfg = Release|Any CPU
		{7F415FBF-21FA-4E00-82DE-AAD8CEECC84B}.Release|Any CPU.Build.0 = Release|Any CPU
		{7F415FBF-21FA-4E00-82DE-AAD8CEECC84B}.Release|Mixed Platforms.ActiveCfg = Release|Any CPU
		{7F415FBF-21FA-4E00-82DE-AAD8CEECC84B}.Release|Mixed Platforms.Build.0 = Release|Any CPU
		{D08F9A33-6D4E-43E9-86F2-8E79EC115B9E}.Debug|.NET.ActiveCfg = Debug|Any CPU
		{D08F9A33-6D4E-43E9-86F2-8E79EC115B9E}.Debug|Any CPU.ActiveCfg = Debug|Any CPU
		{D08F9A33-6D4E-43E9-86F2-8E79EC115B9E}.Debug|Any CPU.Build.0 = Debug|Any CPU
		{D08F9A33-6D4E-43E9-86F2-8E79EC115B9E}.Debug|Mixed Platforms.ActiveCfg = Debug|Any CPU
		{D08F9A33-6D4E-43E9-86F2-8E79EC115B9E}.Debug|Mixed Platforms.Build.0 = Debug|Any CPU
		{D08F9A33-6D4E-43E9-86F2-8E79EC115B9E}.NPDebug|.NET.ActiveCfg = Debug|Any CPU
		{D08F9A33-6D4E-43E9-86F2-8E79EC115B9E}.NPDebug|Any CPU.ActiveCfg = Debug|Any CPU
		{D08F9A33-6D4E-43E9-86F2-8E79EC115B9E}.NPDebug|Any CPU.Build.0 = Debug|Any CPU
		{D08F9A33-6D4E-43E9-86F2-8E79EC115B9E}.NPDebug|Mixed Platforms.ActiveCfg = Debug|Any CPU
		{D08F9A33-6D4E-43E9-86F2-8E79EC115B9E}.NPDebug|Mixed Platforms.Build.0 = Debug|Any CPU
		{D08F9A33-6D4E-43E9-86F2-8E79EC115B9E}.Release|.NET.ActiveCfg = Release|Any CPU
		{D08F9A33-6D4E-43E9-86F2-8E79EC115B9E}.Release|Any CPU.ActiveCfg = Release|Any CPU
		{D08F9A33-6D4E-43E9-86F2-8E79EC115B9E}.Release|Any CPU.Build.0 = Release|Any CPU
		{D08F9A33-6D4E-43E9-86F2-8E79EC115B9E}.Release|Mixed Platforms.ActiveCfg = Release|Any CPU
		{D08F9A33-6D4E-43E9-86F2-8E79EC115B9E}.Release|Mixed Platforms.Build.0 = Release|Any CPU
		{5FB1569E-253E-42A7-A4E8-B4651FC6DCA2}.Debug|.NET.ActiveCfg = Debug|Any CPU
		{5FB1569E-253E-42A7-A4E8-B4651FC6DCA2}.Debug|Any CPU.ActiveCfg = Debug|Any CPU
		{5FB1569E-253E-42A7-A4E8-B4651FC6DCA2}.Debug|Any CPU.Build.0 = Debug|Any CPU
		{5FB1569E-253E-42A7-A4E8-B4651FC6DCA2}.Debug|Mixed Platforms.ActiveCfg = Debug|Any CPU
		{5FB1569E-253E-42A7-A4E8-B4651FC6DCA2}.Debug|Mixed Platforms.Build.0 = Debug|Any CPU
		{5FB1569E-253E-42A7-A4E8-B4651FC6DCA2}.NPDebug|.NET.ActiveCfg = Debug|Any CPU
		{5FB1569E-253E-42A7-A4E8-B4651FC6DCA2}.NPDebug|Any CPU.ActiveCfg = Debug|Any CPU
		{5FB1569E-253E-42A7-A4E8-B4651FC6DCA2}.NPDebug|Any CPU.Build.0 = Debug|Any CPU
		{5FB1569E-253E-42A7-A4E8-B4651FC6DCA2}.NPDebug|Mixed Platforms.ActiveCfg = Debug|Any CPU
		{5FB1569E-253E-42A7-A4E8-B4651FC6DCA2}.NPDebug|Mixed Platforms.Build.0 = Debug|Any CPU
		{5FB1569E-253E-42A7-A4E8-B4651FC6DCA2}.Release|.NET.ActiveCfg = Release|Any CPU
		{5FB1569E-253E-42A7-A4E8-B4651FC6DCA2}.Release|Any CPU.ActiveCfg = Release|Any CPU
		{5FB1569E-253E-42A7-A4E8-B4651FC6DCA2}.Release|Any CPU.Build.0 = Release|Any CPU
		{5FB1569E-253E-42A7-A4E8-B4651FC6DCA2}.Release|Mixed Platforms.ActiveCfg = Release|Any CPU
		{5FB1569E-253E-42A7-A4E8-B4651FC6DCA2}.Release|Mixed Platforms.Build.0 = Release|Any CPU
		{E6C03D2A-D150-4473-9439-D300746A1390}.Debug|.NET.ActiveCfg = Debug|Any CPU
		{E6C03D2A-D150-4473-9439-D300746A1390}.Debug|Any CPU.ActiveCfg = Debug|Any CPU
		{E6C03D2A-D150-4473-9439-D300746A1390}.Debug|Any CPU.Build.0 = Debug|Any CPU
		{E6C03D2A-D150-4473-9439-D300746A1390}.Debug|Mixed Platforms.ActiveCfg = Debug|Any CPU
		{E6C03D2A-D150-4473-9439-D300746A1390}.Debug|Mixed Platforms.Build.0 = Debug|Any CPU
		{E6C03D2A-D150-4473-9439-D300746A1390}.NPDebug|.NET.ActiveCfg = NPDebug|Any CPU
		{E6C03D2A-D150-4473-9439-D300746A1390}.NPDebug|Any CPU.ActiveCfg = NPDebug|Any CPU
		{E6C03D2A-D150-4473-9439-D300746A1390}.NPDebug|Any CPU.Build.0 = NPDebug|Any CPU
		{E6C03D2A-D150-4473-9439-D300746A1390}.NPDebug|Mixed Platforms.ActiveCfg = NPDebug|Any CPU
		{E6C03D2A-D150-4473-9439-D300746A1390}.NPDebug|Mixed Platforms.Build.0 = NPDebug|Any CPU
		{E6C03D2A-D150-4473-9439-D300746A1390}.Release|.NET.ActiveCfg = Release|Any CPU
		{E6C03D2A-D150-4473-9439-D300746A1390}.Release|Any CPU.ActiveCfg = Release|Any CPU
		{E6C03D2A-D150-4473-9439-D300746A1390}.Release|Any CPU.Build.0 = Release|Any CPU
		{E6C03D2A-D150-4473-9439-D300746A1390}.Release|Mixed Platforms.ActiveCfg = Release|Any CPU
		{E6C03D2A-D150-4473-9439-D300746A1390}.Release|Mixed Platforms.Build.0 = Release|Any CPU
		{4E1F65D7-AE72-4E13-964B-D022CC205439}.Debug|.NET.ActiveCfg = Debug|Any CPU
		{4E1F65D7-AE72-4E13-964B-D022CC205439}.Debug|Any CPU.ActiveCfg = Debug|Any CPU
		{4E1F65D7-AE72-4E13-964B-D022CC205439}.Debug|Any CPU.Build.0 = Debug|Any CPU
		{4E1F65D7-AE72-4E13-964B-D022CC205439}.Debug|Mixed Platforms.ActiveCfg = Debug|Any CPU
		{4E1F65D7-AE72-4E13-964B-D022CC205439}.Debug|Mixed Platforms.Build.0 = Debug|Any CPU
		{4E1F65D7-AE72-4E13-964B-D022CC205439}.NPDebug|.NET.ActiveCfg = Debug|Any CPU
		{4E1F65D7-AE72-4E13-964B-D022CC205439}.NPDebug|Any CPU.ActiveCfg = Debug|Any CPU
		{4E1F65D7-AE72-4E13-964B-D022CC205439}.NPDebug|Any CPU.Build.0 = Debug|Any CPU
		{4E1F65D7-AE72-4E13-964B-D022CC205439}.NPDebug|Mixed Platforms.ActiveCfg = Debug|Any CPU
		{4E1F65D7-AE72-4E13-964B-D022CC205439}.NPDebug|Mixed Platforms.Build.0 = Debug|Any CPU
		{4E1F65D7-AE72-4E13-964B-D022CC205439}.Release|.NET.ActiveCfg = Release|Any CPU
		{4E1F65D7-AE72-4E13-964B-D022CC205439}.Release|Any CPU.ActiveCfg = Release|Any CPU
		{4E1F65D7-AE72-4E13-964B-D022CC205439}.Release|Any CPU.Build.0 = Release|Any CPU
		{4E1F65D7-AE72-4E13-964B-D022CC205439}.Release|Mixed Platforms.ActiveCfg = Release|Any CPU
		{4E1F65D7-AE72-4E13-964B-D022CC205439}.Release|Mixed Platforms.Build.0 = Release|Any CPU
		{D1836646-6373-4785-B1B1-AC5C6A4BF50F}.Debug|.NET.ActiveCfg = Debug|Any CPU
		{D1836646-6373-4785-B1B1-AC5C6A4BF50F}.Debug|Any CPU.ActiveCfg = Debug|Any CPU
		{D1836646-6373-4785-B1B1-AC5C6A4BF50F}.Debug|Any CPU.Build.0 = Debug|Any CPU
		{D1836646-6373-4785-B1B1-AC5C6A4BF50F}.Debug|Mixed Platforms.ActiveCfg = Debug|Any CPU
		{D1836646-6373-4785-B1B1-AC5C6A4BF50F}.Debug|Mixed Platforms.Build.0 = Debug|Any CPU
		{D1836646-6373-4785-B1B1-AC5C6A4BF50F}.NPDebug|.NET.ActiveCfg = Debug|Any CPU
		{D1836646-6373-4785-B1B1-AC5C6A4BF50F}.NPDebug|Any CPU.ActiveCfg = Debug|Any CPU
		{D1836646-6373-4785-B1B1-AC5C6A4BF50F}.NPDebug|Any CPU.Build.0 = Debug|Any CPU
		{D1836646-6373-4785-B1B1-AC5C6A4BF50F}.NPDebug|Mixed Platforms.ActiveCfg = Debug|Any CPU
		{D1836646-6373-4785-B1B1-AC5C6A4BF50F}.NPDebug|Mixed Platforms.Build.0 = Debug|Any CPU
		{D1836646-6373-4785-B1B1-AC5C6A4BF50F}.Release|.NET.ActiveCfg = Release|Any CPU
		{D1836646-6373-4785-B1B1-AC5C6A4BF50F}.Release|Any CPU.ActiveCfg = Release|Any CPU
		{D1836646-6373-4785-B1B1-AC5C6A4BF50F}.Release|Any CPU.Build.0 = Release|Any CPU
		{D1836646-6373-4785-B1B1-AC5C6A4BF50F}.Release|Mixed Platforms.ActiveCfg = Release|Any CPU
		{D1836646-6373-4785-B1B1-AC5C6A4BF50F}.Release|Mixed Platforms.Build.0 = Release|Any CPU
	EndGlobalSection
	GlobalSection(SolutionProperties) = preSolution
		HideSolutionNode = FALSE
	EndGlobalSection
	GlobalSection(NestedProjects) = preSolution
		{D08F9A33-6D4E-43E9-86F2-8E79EC115B9E} = {B0ABB1B3-ED43-409F-B3B2-4AAA7EBC6C59}
		{E6C03D2A-D150-4473-9439-D300746A1390} = {B0ABB1B3-ED43-409F-B3B2-4AAA7EBC6C59}
		{5FB1569E-253E-42A7-A4E8-B4651FC6DCA2} = {B0ABB1B3-ED43-409F-B3B2-4AAA7EBC6C59}
		{7F415FBF-21FA-4E00-82DE-AAD8CEECC84B} = {B0ABB1B3-ED43-409F-B3B2-4AAA7EBC6C59}
		{4E1F65D7-AE72-4E13-964B-D022CC205439} = {B0ABB1B3-ED43-409F-B3B2-4AAA7EBC6C59}
	EndGlobalSection
	GlobalSection(TextTemplating) = postSolution
		TextTemplating = 1
	EndGlobalSection
EndGlobal
