Microsoft Visual Studio Solution File, Format Version 8.00
Project("{FAE04EC0-301F-11D3-BF4B-00C04F79EFBC}") = "Puzzle.NPersist.Framework", "NPersist\Framework\Puzzle.NPersist.Framework.csproj", "{E6C03D2A-D150-4473-9439-D300746A1390}"
	ProjectSection(ProjectDependencies) = postProject
	EndProjectSection
EndProject
Project("{FAE04EC0-301F-11D3-BF4B-00C04F79EFBC}") = "Puzzle.NAspect.Framework", "NAspect\Framework\Puzzle.NAspect.Framework.csproj", "{4E56309B-EBE3-445D-94B2-3440BE226C67}"
	ProjectSection(ProjectDependencies) = postProject
	EndProjectSection
EndProject
Project("{FAE04EC0-301F-11D3-BF4B-00C04F79EFBC}") = "Puzzle.NFactory.Framework", "NFactory\Framework\Puzzle.NFactory.Framework.csproj", "{6EA3FF20-8B32-45B6-A7C3-0BADF5D471CA}"
	ProjectSection(ProjectDependencies) = postProject
	EndProjectSection
EndProject
Project("{FAE04EC0-301F-11D3-BF4B-00C04F79EFBC}") = "Puzzle.NPath.Framework", "NPath\Framework\Puzzle.NPath.Framework.csproj", "{7F415FBF-21FA-4E00-82DE-AAD8CEECC84B}"
	ProjectSection(ProjectDependencies) = postProject
	EndProjectSection
EndProject
Project("{FAE04EC0-301F-11D3-BF4B-00C04F79EFBC}") = "Puzzle.NCore.Framework", "NCore\Framework\Puzzle.NCore.Framework.csproj", "{5FB1569E-253E-42A7-A4E8-B4651FC6DCA2}"
	ProjectSection(ProjectDependencies) = postProject
	EndProjectSection
EndProject
Project("{FAE04EC0-301F-11D3-BF4B-00C04F79EFBC}") = "Puzzle.CoreLib", "Windows\Forms\Controls\Syntaxbox\CoreLib\Puzzle.CoreLib.csproj", "{7858FB56-9BB3-40CE-BA9C-5FB9F04E79DE}"
	ProjectSection(ProjectDependencies) = postProject
	EndProjectSection
EndProject
Project("{FAE04EC0-301F-11D3-BF4B-00C04F79EFBC}") = "Puzzle.SyntaxDocument", "Windows\Forms\Controls\Syntaxbox\SyntaxDocument\Puzzle.SyntaxDocument.csproj", "{55D040D8-B8F2-4C15-8FCD-A73F82A3882C}"
	ProjectSection(ProjectDependencies) = postProject
	EndProjectSection
EndProject
Project("{FAE04EC0-301F-11D3-BF4B-00C04F79EFBC}") = "Puzzle.SyntaxBox", "Windows\Forms\Controls\Syntaxbox\SyntaxBox\Puzzle.SyntaxBox.csproj", "{19EF75B2-B414-4EB0-9486-160FAF93E62C}"
	ProjectSection(ProjectDependencies) = postProject
	EndProjectSection
EndProject
Project("{FAE04EC0-301F-11D3-BF4B-00C04F79EFBC}") = "Puzzle.Syntaxbox.DefaultSyntaxFiles", "Windows\Forms\Controls\Syntaxbox\Puzzle.Syntaxbox.DefaultSyntaxFiles\Puzzle.Syntaxbox.DefaultSyntaxFiles.csproj", "{F2D0D973-95A3-47EE-AF0C-2336192CB264}"
	ProjectSection(ProjectDependencies) = postProject
	EndProjectSection
EndProject
Global
	GlobalSection(SolutionConfiguration) = preSolution
		Debug = Debug
		NPDebug = NPDebug
		Release = Release
		TEST = TEST
	EndGlobalSection
	GlobalSection(ProjectConfiguration) = postSolution
		{E6C03D2A-D150-4473-9439-D300746A1390}.Debug.ActiveCfg = Debug|.NET
		{E6C03D2A-D150-4473-9439-D300746A1390}.Debug.Build.0 = Debug|.NET
		{E6C03D2A-D150-4473-9439-D300746A1390}.NPDebug.ActiveCfg = NPDebug|.NET
		{E6C03D2A-D150-4473-9439-D300746A1390}.NPDebug.Build.0 = NPDebug|.NET
		{E6C03D2A-D150-4473-9439-D300746A1390}.Release.ActiveCfg = Release|.NET
		{E6C03D2A-D150-4473-9439-D300746A1390}.Release.Build.0 = Release|.NET
		{E6C03D2A-D150-4473-9439-D300746A1390}.TEST.ActiveCfg = NPDebug|.NET
		{E6C03D2A-D150-4473-9439-D300746A1390}.TEST.Build.0 = NPDebug|.NET
		{4E56309B-EBE3-445D-94B2-3440BE226C67}.Debug.ActiveCfg = Debug|.NET
		{4E56309B-EBE3-445D-94B2-3440BE226C67}.Debug.Build.0 = Debug|.NET
		{4E56309B-EBE3-445D-94B2-3440BE226C67}.NPDebug.ActiveCfg = Debug|.NET
		{4E56309B-EBE3-445D-94B2-3440BE226C67}.NPDebug.Build.0 = Debug|.NET
		{4E56309B-EBE3-445D-94B2-3440BE226C67}.Release.ActiveCfg = Release|.NET
		{4E56309B-EBE3-445D-94B2-3440BE226C67}.Release.Build.0 = Release|.NET
		{4E56309B-EBE3-445D-94B2-3440BE226C67}.TEST.ActiveCfg = Release|.NET
		{4E56309B-EBE3-445D-94B2-3440BE226C67}.TEST.Build.0 = Release|.NET
		{6EA3FF20-8B32-45B6-A7C3-0BADF5D471CA}.Debug.ActiveCfg = Debug|.NET
		{6EA3FF20-8B32-45B6-A7C3-0BADF5D471CA}.Debug.Build.0 = Debug|.NET
		{6EA3FF20-8B32-45B6-A7C3-0BADF5D471CA}.NPDebug.ActiveCfg = Debug|.NET
		{6EA3FF20-8B32-45B6-A7C3-0BADF5D471CA}.NPDebug.Build.0 = Debug|.NET
		{6EA3FF20-8B32-45B6-A7C3-0BADF5D471CA}.Release.ActiveCfg = Release|.NET
		{6EA3FF20-8B32-45B6-A7C3-0BADF5D471CA}.Release.Build.0 = Release|.NET
		{6EA3FF20-8B32-45B6-A7C3-0BADF5D471CA}.TEST.ActiveCfg = Release|.NET
		{6EA3FF20-8B32-45B6-A7C3-0BADF5D471CA}.TEST.Build.0 = Release|.NET
		{7F415FBF-21FA-4E00-82DE-AAD8CEECC84B}.Debug.ActiveCfg = Debug|.NET
		{7F415FBF-21FA-4E00-82DE-AAD8CEECC84B}.Debug.Build.0 = Debug|.NET
		{7F415FBF-21FA-4E00-82DE-AAD8CEECC84B}.NPDebug.ActiveCfg = Debug|.NET
		{7F415FBF-21FA-4E00-82DE-AAD8CEECC84B}.NPDebug.Build.0 = Debug|.NET
		{7F415FBF-21FA-4E00-82DE-AAD8CEECC84B}.Release.ActiveCfg = Release|.NET
		{7F415FBF-21FA-4E00-82DE-AAD8CEECC84B}.Release.Build.0 = Release|.NET
		{7F415FBF-21FA-4E00-82DE-AAD8CEECC84B}.TEST.ActiveCfg = Release|.NET
		{7F415FBF-21FA-4E00-82DE-AAD8CEECC84B}.TEST.Build.0 = Release|.NET
		{5FB1569E-253E-42A7-A4E8-B4651FC6DCA2}.Debug.ActiveCfg = Debug|.NET
		{5FB1569E-253E-42A7-A4E8-B4651FC6DCA2}.Debug.Build.0 = Debug|.NET
		{5FB1569E-253E-42A7-A4E8-B4651FC6DCA2}.NPDebug.ActiveCfg = Debug|.NET
		{5FB1569E-253E-42A7-A4E8-B4651FC6DCA2}.NPDebug.Build.0 = Debug|.NET
		{5FB1569E-253E-42A7-A4E8-B4651FC6DCA2}.Release.ActiveCfg = Release|.NET
		{5FB1569E-253E-42A7-A4E8-B4651FC6DCA2}.Release.Build.0 = Release|.NET
		{5FB1569E-253E-42A7-A4E8-B4651FC6DCA2}.TEST.ActiveCfg = Release|.NET
		{5FB1569E-253E-42A7-A4E8-B4651FC6DCA2}.TEST.Build.0 = Release|.NET
		{7858FB56-9BB3-40CE-BA9C-5FB9F04E79DE}.Debug.ActiveCfg = Debug|.NET
		{7858FB56-9BB3-40CE-BA9C-5FB9F04E79DE}.Debug.Build.0 = Debug|.NET
		{7858FB56-9BB3-40CE-BA9C-5FB9F04E79DE}.NPDebug.ActiveCfg = Debug|.NET
		{7858FB56-9BB3-40CE-BA9C-5FB9F04E79DE}.NPDebug.Build.0 = Debug|.NET
		{7858FB56-9BB3-40CE-BA9C-5FB9F04E79DE}.Release.ActiveCfg = Release|.NET
		{7858FB56-9BB3-40CE-BA9C-5FB9F04E79DE}.Release.Build.0 = Release|.NET
		{7858FB56-9BB3-40CE-BA9C-5FB9F04E79DE}.TEST.ActiveCfg = TEST|.NET
		{7858FB56-9BB3-40CE-BA9C-5FB9F04E79DE}.TEST.Build.0 = TEST|.NET
		{55D040D8-B8F2-4C15-8FCD-A73F82A3882C}.Debug.ActiveCfg = Debug|.NET
		{55D040D8-B8F2-4C15-8FCD-A73F82A3882C}.Debug.Build.0 = Debug|.NET
		{55D040D8-B8F2-4C15-8FCD-A73F82A3882C}.NPDebug.ActiveCfg = Debug|.NET
		{55D040D8-B8F2-4C15-8FCD-A73F82A3882C}.NPDebug.Build.0 = Debug|.NET
		{55D040D8-B8F2-4C15-8FCD-A73F82A3882C}.Release.ActiveCfg = Release|.NET
		{55D040D8-B8F2-4C15-8FCD-A73F82A3882C}.Release.Build.0 = Release|.NET
		{55D040D8-B8F2-4C15-8FCD-A73F82A3882C}.TEST.ActiveCfg = Release|.NET
		{55D040D8-B8F2-4C15-8FCD-A73F82A3882C}.TEST.Build.0 = Release|.NET
		{19EF75B2-B414-4EB0-9486-160FAF93E62C}.Debug.ActiveCfg = Debug|.NET
		{19EF75B2-B414-4EB0-9486-160FAF93E62C}.Debug.Build.0 = Debug|.NET
		{19EF75B2-B414-4EB0-9486-160FAF93E62C}.NPDebug.ActiveCfg = Debug|.NET
		{19EF75B2-B414-4EB0-9486-160FAF93E62C}.NPDebug.Build.0 = Debug|.NET
		{19EF75B2-B414-4EB0-9486-160FAF93E62C}.Release.ActiveCfg = Release|.NET
		{19EF75B2-B414-4EB0-9486-160FAF93E62C}.Release.Build.0 = Release|.NET
		{19EF75B2-B414-4EB0-9486-160FAF93E62C}.TEST.ActiveCfg = Release|.NET
		{19EF75B2-B414-4EB0-9486-160FAF93E62C}.TEST.Build.0 = Release|.NET
		{F2D0D973-95A3-47EE-AF0C-2336192CB264}.Debug.ActiveCfg = Debug|.NET
		{F2D0D973-95A3-47EE-AF0C-2336192CB264}.Debug.Build.0 = Debug|.NET
		{F2D0D973-95A3-47EE-AF0C-2336192CB264}.NPDebug.ActiveCfg = Debug|.NET
		{F2D0D973-95A3-47EE-AF0C-2336192CB264}.NPDebug.Build.0 = Debug|.NET
		{F2D0D973-95A3-47EE-AF0C-2336192CB264}.Release.ActiveCfg = Release|.NET
		{F2D0D973-95A3-47EE-AF0C-2336192CB264}.Release.Build.0 = Release|.NET
		{F2D0D973-95A3-47EE-AF0C-2336192CB264}.TEST.ActiveCfg = Release|.NET
		{F2D0D973-95A3-47EE-AF0C-2336192CB264}.TEST.Build.0 = Release|.NET
	EndGlobalSection
	GlobalSection(SolutionItems) = postSolution
		PuzzleKey.snk = PuzzleKey.snk
	EndGlobalSection
	GlobalSection(ExtensibilityGlobals) = postSolution
	EndGlobalSection
	GlobalSection(ExtensibilityAddIns) = postSolution
	EndGlobalSection
EndGlobal
