
Microsoft Visual Studio Solution File, Format Version 9.00
# Visual Studio 2005
Project("{FAE04EC0-301F-11D3-BF4B-00C04F79EFBC}") = "Puzzle.NPersist.Framework.NET 2.0", "..\NPersist\Framework\Puzzle.NPersist.Framework.NET 2.0.csproj", "{E6C03D2A-D150-4473-9439-D300746A1390}"
EndProject
Project("{FAE04EC0-301F-11D3-BF4B-00C04F79EFBC}") = "Puzzle.NPersist.Samples.Northwind.Domain", "Northwind\Puzzle.NPersist.Samples.Northwind.Domain.csproj", "{D1836646-6373-4785-B1B1-AC5C6A4BF50F}"
EndProject
Global
	GlobalSection(TextTemplating) = postSolution
		TextTemplating = 1
	EndGlobalSection
	GlobalSection(SolutionConfigurationPlatforms) = preSolution
		Debug|.NET = Debug|.NET
		Debug|Any CPU = Debug|Any CPU
		Debug|Mixed Platforms = Debug|Mixed Platforms
		NPDebug|.NET = NPDebug|.NET
		NPDebug|Any CPU = NPDebug|Any CPU
		NPDebug|Mixed Platforms = NPDebug|Mixed Platforms
		Release|.NET = Release|.NET
		Release|Any CPU = Release|Any CPU
		Release|Mixed Platforms = Release|Mixed Platforms
	EndGlobalSection
	GlobalSection(ProjectConfigurationPlatforms) = postSolution
		{E6C03D2A-D150-4473-9439-D300746A1390}.Debug|.NET.ActiveCfg = Debug|Any CPU
		{E6C03D2A-D150-4473-9439-D300746A1390}.Debug|Any CPU.ActiveCfg = Debug|Any CPU
		{E6C03D2A-D150-4473-9439-D300746A1390}.Debug|Any CPU.Build.0 = Debug|Any CPU
		{E6C03D2A-D150-4473-9439-D300746A1390}.Debug|Mixed Platforms.ActiveCfg = Debug|Any CPU
		{E6C03D2A-D150-4473-9439-D300746A1390}.Debug|Mixed Platforms.Build.0 = Debug|Any CPU
		{E6C03D2A-D150-4473-9439-D300746A1390}.NPDebug|.NET.ActiveCfg = NPDebug|Any CPU
		{E6C03D2A-D150-4473-9439-D300746A1390}.NPDebug|Any CPU.ActiveCfg = NPDebug|Any CPU
		{E6C03D2A-D150-4473-9439-D300746A1390}.NPDebug|Any CPU.Build.0 = NPDebug|Any CPU
		{E6C03D2A-D150-4473-9439-D300746A1390}.NPDebug|Mixed Platforms.ActiveCfg = NPDebug|Any CPU
		{E6C03D2A-D150-4473-9439-D300746A1390}.NPDebug|Mixed Platforms.Build.0 = NPDebug|Any CPU
		{E6C03D2A-D150-4473-9439-D300746A1390}.Release|.NET.ActiveCfg = Release|Any CPU
		{E6C03D2A-D150-4473-9439-D300746A1390}.Release|Any CPU.ActiveCfg = Release|Any CPU
		{E6C03D2A-D150-4473-9439-D300746A1390}.Release|Any CPU.Build.0 = Release|Any CPU
		{E6C03D2A-D150-4473-9439-D300746A1390}.Release|Mixed Platforms.ActiveCfg = Release|Any CPU
		{E6C03D2A-D150-4473-9439-D300746A1390}.Release|Mixed Platforms.Build.0 = Release|Any CPU
		{D1836646-6373-4785-B1B1-AC5C6A4BF50F}.Debug|.NET.ActiveCfg = Debug|Any CPU
		{D1836646-6373-4785-B1B1-AC5C6A4BF50F}.Debug|Any CPU.ActiveCfg = Debug|Any CPU
		{D1836646-6373-4785-B1B1-AC5C6A4BF50F}.Debug|Any CPU.Build.0 = Debug|Any CPU
		{D1836646-6373-4785-B1B1-AC5C6A4BF50F}.Debug|Mixed Platforms.ActiveCfg = Debug|Any CPU
		{D1836646-6373-4785-B1B1-AC5C6A4BF50F}.Debug|Mixed Platforms.Build.0 = Debug|Any CPU
		{D1836646-6373-4785-B1B1-AC5C6A4BF50F}.NPDebug|.NET.ActiveCfg = Debug|Any CPU
		{D1836646-6373-4785-B1B1-AC5C6A4BF50F}.NPDebug|Any CPU.ActiveCfg = Debug|Any CPU
		{D1836646-6373-4785-B1B1-AC5C6A4BF50F}.NPDebug|Any CPU.Build.0 = Debug|Any CPU
		{D1836646-6373-4785-B1B1-AC5C6A4BF50F}.NPDebug|Mixed Platforms.ActiveCfg = Debug|Any CPU
		{D1836646-6373-4785-B1B1-AC5C6A4BF50F}.NPDebug|Mixed Platforms.Build.0 = Debug|Any CPU
		{D1836646-6373-4785-B1B1-AC5C6A4BF50F}.Release|.NET.ActiveCfg = Release|Any CPU
		{D1836646-6373-4785-B1B1-AC5C6A4BF50F}.Release|Any CPU.ActiveCfg = Release|Any CPU
		{D1836646-6373-4785-B1B1-AC5C6A4BF50F}.Release|Any CPU.Build.0 = Release|Any CPU
		{D1836646-6373-4785-B1B1-AC5C6A4BF50F}.Release|Mixed Platforms.ActiveCfg = Release|Any CPU
		{D1836646-6373-4785-B1B1-AC5C6A4BF50F}.Release|Mixed Platforms.Build.0 = Release|Any CPU
	EndGlobalSection
	GlobalSection(SolutionProperties) = preSolution
		HideSolutionNode = FALSE
	EndGlobalSection
EndGlobal
