
Microsoft Visual Studio Solution File, Format Version 9.00
# Visual Studio 2005
Project("{FAE04EC0-301F-11D3-BF4B-00C04F79EFBC}") = "Puzzle.NPersist.Framework.NET 2.0", "..\NPersist\Framework\Puzzle.NPersist.Framework.NET 2.0.csproj", "{E6C03D2A-D150-4473-9439-D300746A1390}"
EndProject
Project("{FAE04EC0-301F-11D3-BF4B-00C04F79EFBC}") = "Puzzle.NPersist.Samples.Northwind.Domain", "Northwind\Puzzle.NPersist.Samples.Northwind.Domain.csproj", "{D1836646-6373-4785-B1B1-AC5C6A4BF50F}"
EndProject
Project("{FAE04EC0-301F-11D3-BF4B-00C04F79EFBC}") = "Puzzle.NCore.Framework NET 2.0", "..\NCore\Framework\Puzzle.NCore.Framework NET 2.0.csproj", "{5FB1569E-253E-42A7-A4E8-B4651FC6DCA2}"
EndProject
Project("{FAE04EC0-301F-11D3-BF4B-00C04F79EFBC}") = "Puzzle.NPath.Framework.NET 2.0", "..\NPath\Framework\Puzzle.NPath.Framework.NET 2.0.csproj", "{7F415FBF-21FA-4E00-82DE-AAD8CEECC84B}"
EndProject
Project("{FAE04EC0-301F-11D3-BF4B-00C04F79EFBC}") = "Puzzle.NAspect.Framework.NET 2.0", "..\NAspect\Framework\Puzzle.NAspect.Framework.NET 2.0.csproj", "{D08F9A33-6D4E-43E9-86F2-8E79EC115B9E}"
EndProject
Project("{E24C65DC-7377-472B-9ABA-BC803B73C61A}") = "C:\...\Demo\", "Demo\", "{4A5316B1-04CE-4296-BA45-35144A2677D8}"
	ProjectSection(WebsiteProperties) = preProject
		ProjectReferences = "{D1836646-6373-4785-B1B1-AC5C6A4BF50F}|Puzzle.NPersist.Samples.Northwind.Domain.dll;{4E1F65D7-AE72-4E13-964B-D022CC205439}|Puzzle.FastTrack.Framework.Web.dll;{2B26DE76-2CE2-4CB2-A88D-BC041E18B4A8}|Puzzle.FastTrack.Framework.NPersist.dll;"
		Debug.AspNetCompiler.VirtualPath = "/Demo"
		Debug.AspNetCompiler.PhysicalPath = "Demo\"
		Debug.AspNetCompiler.TargetPath = "PrecompiledWeb\Demo\"
		Debug.AspNetCompiler.Updateable = "true"
		Debug.AspNetCompiler.ForceOverwrite = "true"
		Debug.AspNetCompiler.FixedNames = "false"
		Debug.AspNetCompiler.Debug = "True"
		Release.AspNetCompiler.VirtualPath = "/Demo"
		Release.AspNetCompiler.PhysicalPath = "Demo\"
		Release.AspNetCompiler.TargetPath = "PrecompiledWeb\Demo\"
		Release.AspNetCompiler.Updateable = "true"
		Release.AspNetCompiler.ForceOverwrite = "true"
		Release.AspNetCompiler.FixedNames = "false"
		Release.AspNetCompiler.Debug = "False"
		VWDPort = "1907"
	EndProjectSection
EndProject
Project("{FAE04EC0-301F-11D3-BF4B-00C04F79EFBC}") = "Puzzle.FastTrack.Framework.Web", "Framework\Web\Puzzle.FastTrack.Framework.Web.csproj", "{4E1F65D7-AE72-4E13-964B-D022CC205439}"
EndProject
Project("{FAE04EC0-301F-11D3-BF4B-00C04F79EFBC}") = "Puzzle.FastTrack.Framework", "Framework\Puzzle.FastTrack.Framework.csproj", "{F0C4BCB9-3866-46E1-90A4-FC90EC345194}"
EndProject
Project("{FAE04EC0-301F-11D3-BF4B-00C04F79EFBC}") = "Puzzle.FastTrack.Framework.NPersist", "Framework\NPersist\Puzzle.FastTrack.Framework.NPersist.csproj", "{2B26DE76-2CE2-4CB2-A88D-BC041E18B4A8}"
EndProject
Project("{FAE04EC0-301F-11D3-BF4B-00C04F79EFBC}") = "Puzzle.SideFX.Framework", "..\SideFX\Framework\Puzzle.SideFX.Framework.csproj", "{78026FCB-F95A-402C-A37A-3A43F2AACE6B}"
EndProject
Project("{FAE04EC0-301F-11D3-BF4B-00C04F79EFBC}") = "Puzzle.FastForward.Framework", "..\FastForward\Framework\Puzzle.FastForward.Framework.csproj", "{4056E119-3EA6-4D29-BEA4-F72ED246B72D}"
EndProject
Project("{FAE04EC0-301F-11D3-BF4B-00C04F79EFBC}") = "Puzzle.FastForward.Framework.NPersist", "..\FastForward\Framework\NPersist\Puzzle.FastForward.Framework.NPersist.csproj", "{401CF4E3-530E-48EE-9155-C67C6B6EB8DD}"
EndProject
Global
	GlobalSection(TextTemplating) = postSolution
		TextTemplating = 1
	EndGlobalSection
	GlobalSection(SolutionConfigurationPlatforms) = preSolution
		Debug|.NET = Debug|.NET
		Debug|Any CPU = Debug|Any CPU
		Debug|Mixed Platforms = Debug|Mixed Platforms
		NPDebug|.NET = NPDebug|.NET
		NPDebug|Any CPU = NPDebug|Any CPU
		NPDebug|Mixed Platforms = NPDebug|Mixed Platforms
		Release|.NET = Release|.NET
		Release|Any CPU = Release|Any CPU
		Release|Mixed Platforms = Release|Mixed Platforms
	EndGlobalSection
	GlobalSection(ProjectConfigurationPlatforms) = postSolution
		{E6C03D2A-D150-4473-9439-D300746A1390}.Debug|.NET.ActiveCfg = Debug|Any CPU
		{E6C03D2A-D150-4473-9439-D300746A1390}.Debug|Any CPU.ActiveCfg = Debug|Any CPU
		{E6C03D2A-D150-4473-9439-D300746A1390}.Debug|Any CPU.Build.0 = Debug|Any CPU
		{E6C03D2A-D150-4473-9439-D300746A1390}.Debug|Mixed Platforms.ActiveCfg = Debug|Any CPU
		{E6C03D2A-D150-4473-9439-D300746A1390}.Debug|Mixed Platforms.Build.0 = Debug|Any CPU
		{E6C03D2A-D150-4473-9439-D300746A1390}.NPDebug|.NET.ActiveCfg = NPDebug|Any CPU
		{E6C03D2A-D150-4473-9439-D300746A1390}.NPDebug|Any CPU.ActiveCfg = NPDebug|Any CPU
		{E6C03D2A-D150-4473-9439-D300746A1390}.NPDebug|Any CPU.Build.0 = NPDebug|Any CPU
		{E6C03D2A-D150-4473-9439-D300746A1390}.NPDebug|Mixed Platforms.ActiveCfg = NPDebug|Any CPU
		{E6C03D2A-D150-4473-9439-D300746A1390}.NPDebug|Mixed Platforms.Build.0 = NPDebug|Any CPU
		{E6C03D2A-D150-4473-9439-D300746A1390}.Release|.NET.ActiveCfg = Release|Any CPU
		{E6C03D2A-D150-4473-9439-D300746A1390}.Release|Any CPU.ActiveCfg = Release|Any CPU
		{E6C03D2A-D150-4473-9439-D300746A1390}.Release|Any CPU.Build.0 = Release|Any CPU
		{E6C03D2A-D150-4473-9439-D300746A1390}.Release|Mixed Platforms.ActiveCfg = Release|Any CPU
		{E6C03D2A-D150-4473-9439-D300746A1390}.Release|Mixed Platforms.Build.0 = Release|Any CPU
		{D1836646-6373-4785-B1B1-AC5C6A4BF50F}.Debug|.NET.ActiveCfg = Debug|Any CPU
		{D1836646-6373-4785-B1B1-AC5C6A4BF50F}.Debug|Any CPU.ActiveCfg = Debug|Any CPU
		{D1836646-6373-4785-B1B1-AC5C6A4BF50F}.Debug|Any CPU.Build.0 = Debug|Any CPU
		{D1836646-6373-4785-B1B1-AC5C6A4BF50F}.Debug|Mixed Platforms.ActiveCfg = Debug|Any CPU
		{D1836646-6373-4785-B1B1-AC5C6A4BF50F}.Debug|Mixed Platforms.Build.0 = Debug|Any CPU
		{D1836646-6373-4785-B1B1-AC5C6A4BF50F}.NPDebug|.NET.ActiveCfg = Debug|Any CPU
		{D1836646-6373-4785-B1B1-AC5C6A4BF50F}.NPDebug|Any CPU.ActiveCfg = Debug|Any CPU
		{D1836646-6373-4785-B1B1-AC5C6A4BF50F}.NPDebug|Any CPU.Build.0 = Debug|Any CPU
		{D1836646-6373-4785-B1B1-AC5C6A4BF50F}.NPDebug|Mixed Platforms.ActiveCfg = Debug|Any CPU
		{D1836646-6373-4785-B1B1-AC5C6A4BF50F}.NPDebug|Mixed Platforms.Build.0 = Debug|Any CPU
		{D1836646-6373-4785-B1B1-AC5C6A4BF50F}.Release|.NET.ActiveCfg = Release|Any CPU
		{D1836646-6373-4785-B1B1-AC5C6A4BF50F}.Release|Any CPU.ActiveCfg = Release|Any CPU
		{D1836646-6373-4785-B1B1-AC5C6A4BF50F}.Release|Any CPU.Build.0 = Release|Any CPU
		{D1836646-6373-4785-B1B1-AC5C6A4BF50F}.Release|Mixed Platforms.ActiveCfg = Release|Any CPU
		{D1836646-6373-4785-B1B1-AC5C6A4BF50F}.Release|Mixed Platforms.Build.0 = Release|Any CPU
		{5FB1569E-253E-42A7-A4E8-B4651FC6DCA2}.Debug|.NET.ActiveCfg = Debug|Any CPU
		{5FB1569E-253E-42A7-A4E8-B4651FC6DCA2}.Debug|Any CPU.ActiveCfg = Debug|Any CPU
		{5FB1569E-253E-42A7-A4E8-B4651FC6DCA2}.Debug|Any CPU.Build.0 = Debug|Any CPU
		{5FB1569E-253E-42A7-A4E8-B4651FC6DCA2}.Debug|Mixed Platforms.ActiveCfg = Debug|Any CPU
		{5FB1569E-253E-42A7-A4E8-B4651FC6DCA2}.Debug|Mixed Platforms.Build.0 = Debug|Any CPU
		{5FB1569E-253E-42A7-A4E8-B4651FC6DCA2}.NPDebug|.NET.ActiveCfg = Debug|Any CPU
		{5FB1569E-253E-42A7-A4E8-B4651FC6DCA2}.NPDebug|Any CPU.ActiveCfg = Debug|Any CPU
		{5FB1569E-253E-42A7-A4E8-B4651FC6DCA2}.NPDebug|Any CPU.Build.0 = Debug|Any CPU
		{5FB1569E-253E-42A7-A4E8-B4651FC6DCA2}.NPDebug|Mixed Platforms.ActiveCfg = Debug|Any CPU
		{5FB1569E-253E-42A7-A4E8-B4651FC6DCA2}.NPDebug|Mixed Platforms.Build.0 = Debug|Any CPU
		{5FB1569E-253E-42A7-A4E8-B4651FC6DCA2}.Release|.NET.ActiveCfg = Release|Any CPU
		{5FB1569E-253E-42A7-A4E8-B4651FC6DCA2}.Release|Any CPU.ActiveCfg = Release|Any CPU
		{5FB1569E-253E-42A7-A4E8-B4651FC6DCA2}.Release|Any CPU.Build.0 = Release|Any CPU
		{5FB1569E-253E-42A7-A4E8-B4651FC6DCA2}.Release|Mixed Platforms.ActiveCfg = Release|Any CPU
		{5FB1569E-253E-42A7-A4E8-B4651FC6DCA2}.Release|Mixed Platforms.Build.0 = Release|Any CPU
		{7F415FBF-21FA-4E00-82DE-AAD8CEECC84B}.Debug|.NET.ActiveCfg = Debug|Any CPU
		{7F415FBF-21FA-4E00-82DE-AAD8CEECC84B}.Debug|Any CPU.ActiveCfg = Debug|Any CPU
		{7F415FBF-21FA-4E00-82DE-AAD8CEECC84B}.Debug|Any CPU.Build.0 = Debug|Any CPU
		{7F415FBF-21FA-4E00-82DE-AAD8CEECC84B}.Debug|Mixed Platforms.ActiveCfg = Debug|Any CPU
		{7F415FBF-21FA-4E00-82DE-AAD8CEECC84B}.Debug|Mixed Platforms.Build.0 = Debug|Any CPU
		{7F415FBF-21FA-4E00-82DE-AAD8CEECC84B}.NPDebug|.NET.ActiveCfg = Debug|Any CPU
		{7F415FBF-21FA-4E00-82DE-AAD8CEECC84B}.NPDebug|Any CPU.ActiveCfg = Debug|Any CPU
		{7F415FBF-21FA-4E00-82DE-AAD8CEECC84B}.NPDebug|Any CPU.Build.0 = Debug|Any CPU
		{7F415FBF-21FA-4E00-82DE-AAD8CEECC84B}.NPDebug|Mixed Platforms.ActiveCfg = Debug|Any CPU
		{7F415FBF-21FA-4E00-82DE-AAD8CEECC84B}.NPDebug|Mixed Platforms.Build.0 = Debug|Any CPU
		{7F415FBF-21FA-4E00-82DE-AAD8CEECC84B}.Release|.NET.ActiveCfg = Release|Any CPU
		{7F415FBF-21FA-4E00-82DE-AAD8CEECC84B}.Release|Any CPU.ActiveCfg = Release|Any CPU
		{7F415FBF-21FA-4E00-82DE-AAD8CEECC84B}.Release|Any CPU.Build.0 = Release|Any CPU
		{7F415FBF-21FA-4E00-82DE-AAD8CEECC84B}.Release|Mixed Platforms.ActiveCfg = Release|Any CPU
		{7F415FBF-21FA-4E00-82DE-AAD8CEECC84B}.Release|Mixed Platforms.Build.0 = Release|Any CPU
		{D08F9A33-6D4E-43E9-86F2-8E79EC115B9E}.Debug|.NET.ActiveCfg = Debug|Any CPU
		{D08F9A33-6D4E-43E9-86F2-8E79EC115B9E}.Debug|Any CPU.ActiveCfg = Debug|Any CPU
		{D08F9A33-6D4E-43E9-86F2-8E79EC115B9E}.Debug|Any CPU.Build.0 = Debug|Any CPU
		{D08F9A33-6D4E-43E9-86F2-8E79EC115B9E}.Debug|Mixed Platforms.ActiveCfg = Debug|Any CPU
		{D08F9A33-6D4E-43E9-86F2-8E79EC115B9E}.Debug|Mixed Platforms.Build.0 = Debug|Any CPU
		{D08F9A33-6D4E-43E9-86F2-8E79EC115B9E}.NPDebug|.NET.ActiveCfg = Debug|Any CPU
		{D08F9A33-6D4E-43E9-86F2-8E79EC115B9E}.NPDebug|Any CPU.ActiveCfg = Debug|Any CPU
		{D08F9A33-6D4E-43E9-86F2-8E79EC115B9E}.NPDebug|Any CPU.Build.0 = Debug|Any CPU
		{D08F9A33-6D4E-43E9-86F2-8E79EC115B9E}.NPDebug|Mixed Platforms.ActiveCfg = Debug|Any CPU
		{D08F9A33-6D4E-43E9-86F2-8E79EC115B9E}.NPDebug|Mixed Platforms.Build.0 = Debug|Any CPU
		{D08F9A33-6D4E-43E9-86F2-8E79EC115B9E}.Release|.NET.ActiveCfg = Release|Any CPU
		{D08F9A33-6D4E-43E9-86F2-8E79EC115B9E}.Release|Any CPU.ActiveCfg = Release|Any CPU
		{D08F9A33-6D4E-43E9-86F2-8E79EC115B9E}.Release|Any CPU.Build.0 = Release|Any CPU
		{D08F9A33-6D4E-43E9-86F2-8E79EC115B9E}.Release|Mixed Platforms.ActiveCfg = Release|Any CPU
		{D08F9A33-6D4E-43E9-86F2-8E79EC115B9E}.Release|Mixed Platforms.Build.0 = Release|Any CPU
		{4A5316B1-04CE-4296-BA45-35144A2677D8}.Debug|.NET.ActiveCfg = Debug|.NET
		{4A5316B1-04CE-4296-BA45-35144A2677D8}.Debug|.NET.Build.0 = Debug|.NET
		{4A5316B1-04CE-4296-BA45-35144A2677D8}.Debug|Any CPU.ActiveCfg = Debug|.NET
		{4A5316B1-04CE-4296-BA45-35144A2677D8}.Debug|Mixed Platforms.ActiveCfg = Debug|.NET
		{4A5316B1-04CE-4296-BA45-35144A2677D8}.Debug|Mixed Platforms.Build.0 = Debug|.NET
		{4A5316B1-04CE-4296-BA45-35144A2677D8}.NPDebug|.NET.ActiveCfg = Debug|.NET
		{4A5316B1-04CE-4296-BA45-35144A2677D8}.NPDebug|.NET.Build.0 = Debug|.NET
		{4A5316B1-04CE-4296-BA45-35144A2677D8}.NPDebug|Any CPU.ActiveCfg = Debug|.NET
		{4A5316B1-04CE-4296-BA45-35144A2677D8}.NPDebug|Mixed Platforms.ActiveCfg = Debug|.NET
		{4A5316B1-04CE-4296-BA45-35144A2677D8}.NPDebug|Mixed Platforms.Build.0 = Debug|.NET
		{4A5316B1-04CE-4296-BA45-35144A2677D8}.Release|.NET.ActiveCfg = Debug|.NET
		{4A5316B1-04CE-4296-BA45-35144A2677D8}.Release|.NET.Build.0 = Debug|.NET
		{4A5316B1-04CE-4296-BA45-35144A2677D8}.Release|Any CPU.ActiveCfg = Debug|.NET
		{4A5316B1-04CE-4296-BA45-35144A2677D8}.Release|Mixed Platforms.ActiveCfg = Debug|.NET
		{4A5316B1-04CE-4296-BA45-35144A2677D8}.Release|Mixed Platforms.Build.0 = Debug|.NET
		{4E1F65D7-AE72-4E13-964B-D022CC205439}.Debug|.NET.ActiveCfg = Debug|Any CPU
		{4E1F65D7-AE72-4E13-964B-D022CC205439}.Debug|Any CPU.ActiveCfg = Debug|Any CPU
		{4E1F65D7-AE72-4E13-964B-D022CC205439}.Debug|Any CPU.Build.0 = Debug|Any CPU
		{4E1F65D7-AE72-4E13-964B-D022CC205439}.Debug|Mixed Platforms.ActiveCfg = Debug|Any CPU
		{4E1F65D7-AE72-4E13-964B-D022CC205439}.Debug|Mixed Platforms.Build.0 = Debug|Any CPU
		{4E1F65D7-AE72-4E13-964B-D022CC205439}.NPDebug|.NET.ActiveCfg = Debug|Any CPU
		{4E1F65D7-AE72-4E13-964B-D022CC205439}.NPDebug|Any CPU.ActiveCfg = Debug|Any CPU
		{4E1F65D7-AE72-4E13-964B-D022CC205439}.NPDebug|Any CPU.Build.0 = Debug|Any CPU
		{4E1F65D7-AE72-4E13-964B-D022CC205439}.NPDebug|Mixed Platforms.ActiveCfg = Debug|Any CPU
		{4E1F65D7-AE72-4E13-964B-D022CC205439}.NPDebug|Mixed Platforms.Build.0 = Debug|Any CPU
		{4E1F65D7-AE72-4E13-964B-D022CC205439}.Release|.NET.ActiveCfg = Release|Any CPU
		{4E1F65D7-AE72-4E13-964B-D022CC205439}.Release|Any CPU.ActiveCfg = Release|Any CPU
		{4E1F65D7-AE72-4E13-964B-D022CC205439}.Release|Any CPU.Build.0 = Release|Any CPU
		{4E1F65D7-AE72-4E13-964B-D022CC205439}.Release|Mixed Platforms.ActiveCfg = Release|Any CPU
		{4E1F65D7-AE72-4E13-964B-D022CC205439}.Release|Mixed Platforms.Build.0 = Release|Any CPU
		{F0C4BCB9-3866-46E1-90A4-FC90EC345194}.Debug|.NET.ActiveCfg = Debug|Any CPU
		{F0C4BCB9-3866-46E1-90A4-FC90EC345194}.Debug|Any CPU.ActiveCfg = Debug|Any CPU
		{F0C4BCB9-3866-46E1-90A4-FC90EC345194}.Debug|Any CPU.Build.0 = Debug|Any CPU
		{F0C4BCB9-3866-46E1-90A4-FC90EC345194}.Debug|Mixed Platforms.ActiveCfg = Debug|Any CPU
		{F0C4BCB9-3866-46E1-90A4-FC90EC345194}.Debug|Mixed Platforms.Build.0 = Debug|Any CPU
		{F0C4BCB9-3866-46E1-90A4-FC90EC345194}.NPDebug|.NET.ActiveCfg = Debug|Any CPU
		{F0C4BCB9-3866-46E1-90A4-FC90EC345194}.NPDebug|Any CPU.ActiveCfg = Debug|Any CPU
		{F0C4BCB9-3866-46E1-90A4-FC90EC345194}.NPDebug|Any CPU.Build.0 = Debug|Any CPU
		{F0C4BCB9-3866-46E1-90A4-FC90EC345194}.NPDebug|Mixed Platforms.ActiveCfg = Debug|Any CPU
		{F0C4BCB9-3866-46E1-90A4-FC90EC345194}.NPDebug|Mixed Platforms.Build.0 = Debug|Any CPU
		{F0C4BCB9-3866-46E1-90A4-FC90EC345194}.Release|.NET.ActiveCfg = Release|Any CPU
		{F0C4BCB9-3866-46E1-90A4-FC90EC345194}.Release|Any CPU.ActiveCfg = Release|Any CPU
		{F0C4BCB9-3866-46E1-90A4-FC90EC345194}.Release|Any CPU.Build.0 = Release|Any CPU
		{F0C4BCB9-3866-46E1-90A4-FC90EC345194}.Release|Mixed Platforms.ActiveCfg = Release|Any CPU
		{F0C4BCB9-3866-46E1-90A4-FC90EC345194}.Release|Mixed Platforms.Build.0 = Release|Any CPU
		{2B26DE76-2CE2-4CB2-A88D-BC041E18B4A8}.Debug|.NET.ActiveCfg = Debug|Any CPU
		{2B26DE76-2CE2-4CB2-A88D-BC041E18B4A8}.Debug|Any CPU.ActiveCfg = Debug|Any CPU
		{2B26DE76-2CE2-4CB2-A88D-BC041E18B4A8}.Debug|Any CPU.Build.0 = Debug|Any CPU
		{2B26DE76-2CE2-4CB2-A88D-BC041E18B4A8}.Debug|Mixed Platforms.ActiveCfg = Debug|Any CPU
		{2B26DE76-2CE2-4CB2-A88D-BC041E18B4A8}.Debug|Mixed Platforms.Build.0 = Debug|Any CPU
		{2B26DE76-2CE2-4CB2-A88D-BC041E18B4A8}.NPDebug|.NET.ActiveCfg = Debug|Any CPU
		{2B26DE76-2CE2-4CB2-A88D-BC041E18B4A8}.NPDebug|Any CPU.ActiveCfg = Debug|Any CPU
		{2B26DE76-2CE2-4CB2-A88D-BC041E18B4A8}.NPDebug|Any CPU.Build.0 = Debug|Any CPU
		{2B26DE76-2CE2-4CB2-A88D-BC041E18B4A8}.NPDebug|Mixed Platforms.ActiveCfg = Debug|Any CPU
		{2B26DE76-2CE2-4CB2-A88D-BC041E18B4A8}.NPDebug|Mixed Platforms.Build.0 = Debug|Any CPU
		{2B26DE76-2CE2-4CB2-A88D-BC041E18B4A8}.Release|.NET.ActiveCfg = Release|Any CPU
		{2B26DE76-2CE2-4CB2-A88D-BC041E18B4A8}.Release|Any CPU.ActiveCfg = Release|Any CPU
		{2B26DE76-2CE2-4CB2-A88D-BC041E18B4A8}.Release|Any CPU.Build.0 = Release|Any CPU
		{2B26DE76-2CE2-4CB2-A88D-BC041E18B4A8}.Release|Mixed Platforms.ActiveCfg = Release|Any CPU
		{2B26DE76-2CE2-4CB2-A88D-BC041E18B4A8}.Release|Mixed Platforms.Build.0 = Release|Any CPU
		{78026FCB-F95A-402C-A37A-3A43F2AACE6B}.Debug|.NET.ActiveCfg = Debug|Any CPU
		{78026FCB-F95A-402C-A37A-3A43F2AACE6B}.Debug|Any CPU.ActiveCfg = Debug|Any CPU
		{78026FCB-F95A-402C-A37A-3A43F2AACE6B}.Debug|Any CPU.Build.0 = Debug|Any CPU
		{78026FCB-F95A-402C-A37A-3A43F2AACE6B}.Debug|Mixed Platforms.ActiveCfg = Debug|Any CPU
		{78026FCB-F95A-402C-A37A-3A43F2AACE6B}.Debug|Mixed Platforms.Build.0 = Debug|Any CPU
		{78026FCB-F95A-402C-A37A-3A43F2AACE6B}.NPDebug|.NET.ActiveCfg = Debug|Any CPU
		{78026FCB-F95A-402C-A37A-3A43F2AACE6B}.NPDebug|Any CPU.ActiveCfg = Debug|Any CPU
		{78026FCB-F95A-402C-A37A-3A43F2AACE6B}.NPDebug|Any CPU.Build.0 = Debug|Any CPU
		{78026FCB-F95A-402C-A37A-3A43F2AACE6B}.NPDebug|Mixed Platforms.ActiveCfg = Debug|Any CPU
		{78026FCB-F95A-402C-A37A-3A43F2AACE6B}.NPDebug|Mixed Platforms.Build.0 = Debug|Any CPU
		{78026FCB-F95A-402C-A37A-3A43F2AACE6B}.Release|.NET.ActiveCfg = Release|Any CPU
		{78026FCB-F95A-402C-A37A-3A43F2AACE6B}.Release|Any CPU.ActiveCfg = Release|Any CPU
		{78026FCB-F95A-402C-A37A-3A43F2AACE6B}.Release|Any CPU.Build.0 = Release|Any CPU
		{78026FCB-F95A-402C-A37A-3A43F2AACE6B}.Release|Mixed Platforms.ActiveCfg = Release|Any CPU
		{78026FCB-F95A-402C-A37A-3A43F2AACE6B}.Release|Mixed Platforms.Build.0 = Release|Any CPU
		{4056E119-3EA6-4D29-BEA4-F72ED246B72D}.Debug|.NET.ActiveCfg = Debug|Any CPU
		{4056E119-3EA6-4D29-BEA4-F72ED246B72D}.Debug|Any CPU.ActiveCfg = Debug|Any CPU
		{4056E119-3EA6-4D29-BEA4-F72ED246B72D}.Debug|Any CPU.Build.0 = Debug|Any CPU
		{4056E119-3EA6-4D29-BEA4-F72ED246B72D}.Debug|Mixed Platforms.ActiveCfg = Debug|Any CPU
		{4056E119-3EA6-4D29-BEA4-F72ED246B72D}.Debug|Mixed Platforms.Build.0 = Debug|Any CPU
		{4056E119-3EA6-4D29-BEA4-F72ED246B72D}.NPDebug|.NET.ActiveCfg = Debug|Any CPU
		{4056E119-3EA6-4D29-BEA4-F72ED246B72D}.NPDebug|Any CPU.ActiveCfg = Debug|Any CPU
		{4056E119-3EA6-4D29-BEA4-F72ED246B72D}.NPDebug|Any CPU.Build.0 = Debug|Any CPU
		{4056E119-3EA6-4D29-BEA4-F72ED246B72D}.NPDebug|Mixed Platforms.ActiveCfg = Debug|Any CPU
		{4056E119-3EA6-4D29-BEA4-F72ED246B72D}.NPDebug|Mixed Platforms.Build.0 = Debug|Any CPU
		{4056E119-3EA6-4D29-BEA4-F72ED246B72D}.Release|.NET.ActiveCfg = Release|Any CPU
		{4056E119-3EA6-4D29-BEA4-F72ED246B72D}.Release|Any CPU.ActiveCfg = Release|Any CPU
		{4056E119-3EA6-4D29-BEA4-F72ED246B72D}.Release|Any CPU.Build.0 = Release|Any CPU
		{4056E119-3EA6-4D29-BEA4-F72ED246B72D}.Release|Mixed Platforms.ActiveCfg = Release|Any CPU
		{4056E119-3EA6-4D29-BEA4-F72ED246B72D}.Release|Mixed Platforms.Build.0 = Release|Any CPU
		{401CF4E3-530E-48EE-9155-C67C6B6EB8DD}.Debug|.NET.ActiveCfg = Debug|Any CPU
		{401CF4E3-530E-48EE-9155-C67C6B6EB8DD}.Debug|Any CPU.ActiveCfg = Debug|Any CPU
		{401CF4E3-530E-48EE-9155-C67C6B6EB8DD}.Debug|Any CPU.Build.0 = Debug|Any CPU
		{401CF4E3-530E-48EE-9155-C67C6B6EB8DD}.Debug|Mixed Platforms.ActiveCfg = Debug|Any CPU
		{401CF4E3-530E-48EE-9155-C67C6B6EB8DD}.Debug|Mixed Platforms.Build.0 = Debug|Any CPU
		{401CF4E3-530E-48EE-9155-C67C6B6EB8DD}.NPDebug|.NET.ActiveCfg = Debug|Any CPU
		{401CF4E3-530E-48EE-9155-C67C6B6EB8DD}.NPDebug|Any CPU.ActiveCfg = Debug|Any CPU
		{401CF4E3-530E-48EE-9155-C67C6B6EB8DD}.NPDebug|Any CPU.Build.0 = Debug|Any CPU
		{401CF4E3-530E-48EE-9155-C67C6B6EB8DD}.NPDebug|Mixed Platforms.ActiveCfg = Debug|Any CPU
		{401CF4E3-530E-48EE-9155-C67C6B6EB8DD}.NPDebug|Mixed Platforms.Build.0 = Debug|Any CPU
		{401CF4E3-530E-48EE-9155-C67C6B6EB8DD}.Release|.NET.ActiveCfg = Release|Any CPU
		{401CF4E3-530E-48EE-9155-C67C6B6EB8DD}.Release|Any CPU.ActiveCfg = Release|Any CPU
		{401CF4E3-530E-48EE-9155-C67C6B6EB8DD}.Release|Any CPU.Build.0 = Release|Any CPU
		{401CF4E3-530E-48EE-9155-C67C6B6EB8DD}.Release|Mixed Platforms.ActiveCfg = Release|Any CPU
		{401CF4E3-530E-48EE-9155-C67C6B6EB8DD}.Release|Mixed Platforms.Build.0 = Release|Any CPU
	EndGlobalSection
	GlobalSection(SolutionProperties) = preSolution
		HideSolutionNode = FALSE
	EndGlobalSection
EndGlobal
