
Microsoft Visual Studio Solution File, Format Version 10.00
# Visual Studio 2008
Project("{FAE04EC0-301F-11D3-BF4B-00C04F79EFBC}") = "Puzzle.NAspect.Visualization.NET 3.5", "Visualization\Puzzle.NAspect.Visualization.NET 3.5.csproj", "{A101687B-6854-4349-9085-54950BDA5BB5}"
EndProject
Project("{FAE04EC0-301F-11D3-BF4B-00C04F79EFBC}") = "Puzzle.NAspect.Framework.NET 3.5", "Framework\Puzzle.NAspect.Framework.NET 3.5.csproj", "{D08F9A33-6D4E-43E9-86F2-8E79EC115B9E}"
EndProject
Project("{FAE04EC0-301F-11D3-BF4B-00C04F79EFBC}") = "Puzzle.NCore.Framework NET 3.5", "..\NCore\Framework\Puzzle.NCore.Framework NET 3.5.csproj", "{5FB1569E-253E-42A7-A4E8-B4651FC6DCA2}"
EndProject
Project("{FAE04EC0-301F-11D3-BF4B-00C04F79EFBC}") = "Tests", "Tests\NET 3.5\Tests\Tests.csproj", "{4431BCDB-3147-4E6A-AEFF-E2CF166F355A}"
EndProject
Project("{2150E333-8FDC-42A3-9474-1A3956D46DE8}") = "Solution Items", "Solution Items", "{BAD012BB-A431-4375-BE45-99868B628955}"
	ProjectSection(SolutionItems) = preProject
		LocalTestRun.testrunconfig = LocalTestRun.testrunconfig
		Puzzle.NAspect.Visualization.NET 3.5.vsmdi = Puzzle.NAspect.Visualization.NET 3.5.vsmdi
		Puzzle.NAspect.Visualization.NET 3.51.vsmdi = Puzzle.NAspect.Visualization.NET 3.51.vsmdi
	EndProjectSection
EndProject
Project("{FAE04EC0-301F-11D3-BF4B-00C04F79EFBC}") = "MyServicedStuff", "Tests\NET 3.5\MyServicedStuff\MyServicedStuff.csproj", "{A4D874D1-BC59-4EB2-8FED-710038871FC4}"
EndProject
Project("{FAE04EC0-301F-11D3-BF4B-00C04F79EFBC}") = "ConsoleApplication1", "Tests\NET 3.5\Labb\ConsoleApplication1\ConsoleApplication1.csproj", "{25563B5D-3359-4360-9591-FBC19DF310D7}"
EndProject
Global
	GlobalSection(TestCaseManagementSettings) = postSolution
		CategoryFile = Puzzle.NAspect.Visualization.NET 3.51.vsmdi
	EndGlobalSection
	GlobalSection(SolutionConfigurationPlatforms) = preSolution
		Debug|Any CPU = Debug|Any CPU
		Release|Any CPU = Release|Any CPU
	EndGlobalSection
	GlobalSection(ProjectConfigurationPlatforms) = postSolution
		{A101687B-6854-4349-9085-54950BDA5BB5}.Debug|Any CPU.ActiveCfg = Debug|Any CPU
		{A101687B-6854-4349-9085-54950BDA5BB5}.Debug|Any CPU.Build.0 = Debug|Any CPU
		{A101687B-6854-4349-9085-54950BDA5BB5}.Release|Any CPU.ActiveCfg = Release|Any CPU
		{A101687B-6854-4349-9085-54950BDA5BB5}.Release|Any CPU.Build.0 = Release|Any CPU
		{D08F9A33-6D4E-43E9-86F2-8E79EC115B9E}.Debug|Any CPU.ActiveCfg = Debug|Any CPU
		{D08F9A33-6D4E-43E9-86F2-8E79EC115B9E}.Debug|Any CPU.Build.0 = Debug|Any CPU
		{D08F9A33-6D4E-43E9-86F2-8E79EC115B9E}.Release|Any CPU.ActiveCfg = Release|Any CPU
		{D08F9A33-6D4E-43E9-86F2-8E79EC115B9E}.Release|Any CPU.Build.0 = Release|Any CPU
		{5FB1569E-253E-42A7-A4E8-B4651FC6DCA2}.Debug|Any CPU.ActiveCfg = Debug|Any CPU
		{5FB1569E-253E-42A7-A4E8-B4651FC6DCA2}.Debug|Any CPU.Build.0 = Debug|Any CPU
		{5FB1569E-253E-42A7-A4E8-B4651FC6DCA2}.Release|Any CPU.ActiveCfg = Release|Any CPU
		{5FB1569E-253E-42A7-A4E8-B4651FC6DCA2}.Release|Any CPU.Build.0 = Release|Any CPU
		{4431BCDB-3147-4E6A-AEFF-E2CF166F355A}.Debug|Any CPU.ActiveCfg = Debug|Any CPU
		{4431BCDB-3147-4E6A-AEFF-E2CF166F355A}.Debug|Any CPU.Build.0 = Debug|Any CPU
		{4431BCDB-3147-4E6A-AEFF-E2CF166F355A}.Release|Any CPU.ActiveCfg = Release|Any CPU
		{4431BCDB-3147-4E6A-AEFF-E2CF166F355A}.Release|Any CPU.Build.0 = Release|Any CPU
		{A4D874D1-BC59-4EB2-8FED-710038871FC4}.Debug|Any CPU.ActiveCfg = Debug|Any CPU
		{A4D874D1-BC59-4EB2-8FED-710038871FC4}.Debug|Any CPU.Build.0 = Debug|Any CPU
		{A4D874D1-BC59-4EB2-8FED-710038871FC4}.Release|Any CPU.ActiveCfg = Release|Any CPU
		{A4D874D1-BC59-4EB2-8FED-710038871FC4}.Release|Any CPU.Build.0 = Release|Any CPU
		{25563B5D-3359-4360-9591-FBC19DF310D7}.Debug|Any CPU.ActiveCfg = Debug|Any CPU
		{25563B5D-3359-4360-9591-FBC19DF310D7}.Debug|Any CPU.Build.0 = Debug|Any CPU
		{25563B5D-3359-4360-9591-FBC19DF310D7}.Release|Any CPU.ActiveCfg = Release|Any CPU
		{25563B5D-3359-4360-9591-FBC19DF310D7}.Release|Any CPU.Build.0 = Release|Any CPU
	EndGlobalSection
	GlobalSection(SolutionProperties) = preSolution
		HideSolutionNode = FALSE
	EndGlobalSection
EndGlobal
